{
  "lockfile_version": "1",
  "packages": {
    "extism-cli@latest": {
      "last_modified": "2025-05-16T20:19:48Z",
      "resolved": "github:NixOS/nixpkgs/12a55407652e04dcf2309436eb06fef0d3713ef3#extism-cli",
      "source": "devbox-search",
      "version": "1.6.2",
      "systems": {
        "aarch64-darwin": {
          "outputs": [
            {
              "name": "out",
              "path": "/nix/store/81kcsk666jzhw4n2qbd2cyb8ka7m0bal-extism-cli-1.6.2",
              "default": true
            }
          ],
          "store_path": "/nix/store/81kcsk666jzhw4n2qbd2cyb8ka7m0bal-extism-cli-1.6.2"
        },
        "aarch64-linux": {
          "outputs": [
            {
              "name": "out",
              "path": "/nix/store/v5spqpm7lc19a23h16qdiif7zqfmay8f-extism-cli-1.6.2",
              "default": true
            }
          ],
          "store_path": "/nix/store/v5spqpm7lc19a23h16qdiif7zqfmay8f-extism-cli-1.6.2"
        },
        "x86_64-darwin": {
          "outputs": [
            {
              "name": "out",
              "path": "/nix/store/cvlmf6gj9h10s7jmc3q4ap3wk52j60r4-extism-cli-1.6.2",
              "default": true
            }
          ],
          "store_path": "/nix/store/cvlmf6gj9h10s7jmc3q4ap3wk52j60r4-extism-cli-1.6.2"
        },
        "x86_64-linux": {
          "outputs": [
            {
              "name": "out",
              "path": "/nix/store/wgy91wq08zngnph3ksyfnr5d22qhzjx7-extism-cli-1.6.2",
              "default": true
            }
          ],
          "store_path": "/nix/store/wgy91wq08zngnph3ksyfnr5d22qhzjx7-extism-cli-1.6.2"
        }
      }
    },
    "rclone@latest": {
      "last_modified": "2025-05-28T23:33:38Z",
      "resolved": "github:NixOS/nixpkgs/e80506de785dc48dcfbb636c443c5e2b0b5b2d7d#rclone",
      "source": "devbox-search",
      "version": "1.69.3",
      "systems": {
        "aarch64-darwin": {
          "outputs": [
            {
              "name": "out",
              "path": "/nix/store/pwcs4z0p23gaka8mp650lhf1rkzhkbbr-rclone-1.69.3",
              "default": true
            },
            {
              "name": "man",
              "path": "/nix/store/94h7l7p6mg8lz6hwq7jwgc1n2b340dj4-rclone-1.69.3-man",
              "default": true
            }
          ],
          "store_path": "/nix/store/pwcs4z0p23gaka8mp650lhf1rkzhkbbr-rclone-1.69.3"
        },
        "aarch64-linux": {
          "outputs": [
            {
              "name": "out",
              "path": "/nix/store/pqd6cfv28zhlrznc6vxi6g5zpha2ihrs-rclone-1.69.3",
              "default": true
            },
            {
              "name": "man",
              "path": "/nix/store/1lgvzc6h8sdkgfh9q369n2za7yx5abgs-rclone-1.69.3-man",
              "default": true
            }
          ],
          "store_path": "/nix/store/pqd6cfv28zhlrznc6vxi6g5zpha2ihrs-rclone-1.69.3"
        },
        "x86_64-darwin": {
          "outputs": [
            {
              "name": "out",
              "path": "/nix/store/q67q3axg2b1nq664im3q85w9a6i5s7lm-rclone-1.69.3",
              "default": true
            },
            {
              "name": "man",
              "path": "/nix/store/019md90kvky7cc4w0rnhmnrawpjnq661-rclone-1.69.3-man",
              "default": true
            }
          ],
          "store_path": "/nix/store/q67q3axg2b1nq664im3q85w9a6i5s7lm-rclone-1.69.3"
        },
        "x86_64-linux": {
          "outputs": [
            {
              "name": "out",
              "path": "/nix/store/bfpaz5jjgw8rfy0yd051s0qh2vlmgcwz-rclone-1.69.3",
              "default": true
            },
            {
              "name": "man",
              "path": "/nix/store/f5dyx5z68hx1rvbv8xf4wrwzxfbas3yw-rclone-1.69.3-man",
              "default": true
            }
          ],
          "store_path": "/nix/store/bfpaz5jjgw8rfy0yd051s0qh2vlmgcwz-rclone-1.69.3"
        }
      }
    },
    "tinygo@latest": {
      "last_modified": "2025-05-24T21:46:02Z",
      "resolved": "github:NixOS/nixpkgs/edb3633f9100d9277d1c9af245a4e9337a980c07#tinygo",
      "source": "devbox-search",
      "version": "0.37.0",
      "systems": {
        "aarch64-darwin": {
          "outputs": [
            {
              "name": "out",
              "path": "/nix/store/y9qiqyc6rqbdf62wa5fvna905js4lhi0-tinygo-0.37.0",
              "default": true
            }
          ],
          "store_path": "/nix/store/y9qiqyc6rqbdf62wa5fvna905js4lhi0-tinygo-0.37.0"
        },
        "aarch64-linux": {
          "outputs": [
            {
              "name": "out",
              "path": "/nix/store/li01wk6hkglwc744q96dwn8gd8j45xbi-tinygo-0.37.0",
              "default": true
            }
          ],
          "store_path": "/nix/store/li01wk6hkglwc744q96dwn8gd8j45xbi-tinygo-0.37.0"
        },
        "x86_64-darwin": {
          "outputs": [
            {
              "name": "out",
              "path": "/nix/store/zlw4wc725rcj3nsvsaz6kdb5qwpb753s-tinygo-0.37.0",
              "default": true
            }
          ],
          "store_path": "/nix/store/zlw4wc725rcj3nsvsaz6kdb5qwpb753s-tinygo-0.37.0"
        },
        "x86_64-linux": {
          "outputs": [
            {
              "name": "out",
              "path": "/nix/store/7nr59lj68r5hgin7aw5lib6qa6pv36jc-tinygo-0.37.0",
              "default": true
            }
          ],
          "store_path": "/nix/store/7nr59lj68r5hgin7aw5lib6qa6pv36jc-tinygo-0.37.0"
        }
      }
    }
  }
}
